// !$*UTF8*$!
{
	archiveVersion = 1;
	classes = {
	};
	objectVersion = 50;
	objects = {

/* Begin PBXBuildFile section */
		F0080CA22284464A005D9E2C /* ModelController.swift in Sources */ = {isa = PBXBuildFile; fileRef = F0080CA12284464A005D9E2C /* ModelController.swift */; };
		F0080CA4228448ED005D9E2C /* CatDataSource.swift in Sources */ = {isa = PBXBuildFile; fileRef = F0080CA3228448ED005D9E2C /* CatDataSource.swift */; };
		F0080CA622844913005D9E2C /* SmileyDataSource.swift in Sources */ = {isa = PBXBuildFile; fileRef = F0080CA522844913005D9E2C /* SmileyDataSource.swift */; };
		F0566AC32282F52800E6CC14 /* AppDelegate.swift in Sources */ = {isa = PBXBuildFile; fileRef = F0566AC22282F52800E6CC14 /* AppDelegate.swift */; };
		F0566AC52282F52800E6CC14 /* ViewController.swift in Sources */ = {isa = PBXBuildFile; fileRef = F0566AC42282F52800E6CC14 /* ViewController.swift */; };
		F0566AC82282F52800E6CC14 /* Main.storyboard in Resources */ = {isa = PBXBuildFile; fileRef = F0566AC62282F52800E6CC14 /* Main.storyboard */; };
		F0566ACA2282F52A00E6CC14 /* Assets.xcassets in Resources */ = {isa = PBXBuildFile; fileRef = F0566AC92282F52A00E6CC14 /* Assets.xcassets */; };
		F0566ACD2282F52A00E6CC14 /* LaunchScreen.storyboard in Resources */ = {isa = PBXBuildFile; fileRef = F0566ACB2282F52A00E6CC14 /* LaunchScreen.storyboard */; };
/* End PBXBuildFile section */

/* Begin PBXFileReference section */
		F0080CA12284464A005D9E2C /* ModelController.swift */ = {isa = PBXFileReference; lastKnownFileType = sourcecode.swift; path = ModelController.swift; sourceTree = "<group>"; };
		F0080CA3228448ED005D9E2C /* CatDataSource.swift */ = {isa = PBXFileReference; lastKnownFileType = sourcecode.swift; path = CatDataSource.swift; sourceTree = "<group>"; };
		F0080CA522844913005D9E2C /* SmileyDataSource.swift */ = {isa = PBXFileReference; lastKnownFileType = sourcecode.swift; path = SmileyDataSource.swift; sourceTree = "<group>"; };
		F0566ABF2282F52800E6CC14 /* UITableViewDataSourceExample.app */ = {isa = PBXFileReference; explicitFileType = wrapper.application; includeInIndex = 0; path = UITableViewDataSourceExample.app; sourceTree = BUILT_PRODUCTS_DIR; };
		F0566AC22282F52800E6CC14 /* AppDelegate.swift */ = {isa = PBXFileReference; lastKnownFileType = sourcecode.swift; path = AppDelegate.swift; sourceTree = "<group>"; };
		F0566AC42282F52800E6CC14 /* ViewController.swift */ = {isa = PBXFileReference; lastKnownFileType = sourcecode.swift; path = ViewController.swift; sourceTree = "<group>"; };
		F0566AC72282F52800E6CC14 /* Base */ = {isa = PBXFileReference; lastKnownFileType = file.storyboard; name = Base; path = Base.lproj/Main.storyboard; sourceTree = "<group>"; };
		F0566AC92282F52A00E6CC14 /* Assets.xcassets */ = {isa = PBXFileReference; lastKnownFileType = folder.assetcatalog; path = Assets.xcassets; sourceTree = "<group>"; };
		F0566ACC2282F52A00E6CC14 /* Base */ = {isa = PBXFileReference; lastKnownFileType = file.storyboard; name = Base; path = Base.lproj/LaunchScreen.storyboard; sourceTree = "<group>"; };
		F0566ACE2282F52A00E6CC14 /* Info.plist */ = {isa = PBXFileReference; lastKnownFileType = text.plist.xml; path = Info.plist; sourceTree = "<group>"; };
/* End PBXFileReference section */

/* Begin PBXFrameworksBuildPhase section */
		F0566ABC2282F52800E6CC14 /* Frameworks */ = {
			isa = PBXFrameworksBuildPhase;
			buildActionMask = 2147483647;
			files = (
			);
			runOnlyForDeploymentPostprocessing = 0;
		};
/* End PBXFrameworksBuildPhase section */

/* Begin PBXGroup section */
		F0566AB62282F52800E6CC14 = {
			isa = PBXGroup;
			children = (
				F0566AC12282F52800E6CC14 /* UITableViewDataSourceExample */,
				F0566AC02282F52800E6CC14 /* Products */,
			);
			sourceTree = "<group>";
		};
		F0566AC02282F52800E6CC14 /* Products */ = {
			isa = PBXGroup;
			children = (
				F0566ABF2282F52800E6CC14 /* UITableViewDataSourceExample.app */,
			);
			name = Products;
			sourceTree = "<group>";
		};
		F0566AC12282F52800E6CC14 /* UITableViewDataSourceExample */ = {
			isa = PBXGroup;
			children = (
				F0566AC22282F52800E6CC14 /* AppDelegate.swift */,
				F0080CA12284464A005D9E2C /* ModelController.swift */,
				F0566AC42282F52800E6CC14 /* ViewController.swift */,
				F0080CA3228448ED005D9E2C /* CatDataSource.swift */,
				F0080CA522844913005D9E2C /* SmileyDataSource.swift */,
				F0566AC62282F52800E6CC14 /* Main.storyboard */,
				F0566AC92282F52A00E6CC14 /* Assets.xcassets */,
				F0566ACB2282F52A00E6CC14 /* LaunchScreen.storyboard */,
				F0566ACE2282F52A00E6CC14 /* Info.plist */,
			);
			path = UITableViewDataSourceExample;
			sourceTree = "<group>";
		};
/* End PBXGroup section */

/* Begin PBXNativeTarget section */
		F0566ABE2282F52800E6CC14 /* UITableViewDataSourceExample */ = {
			isa = PBXNativeTarget;
			buildConfigurationList = F0566AD12282F52A00E6CC14 /* Build configuration list for PBXNativeTarget "UITableViewDataSourceExample" */;
			buildPhases = (
				F0566ABB2282F52800E6CC14 /* Sources */,
				F0566ABC2282F52800E6CC14 /* Frameworks */,
				F0566ABD2282F52800E6CC14 /* Resources */,
			);
			buildRules = (
			);
			dependencies = (
			);
			name = UITableViewDataSourceExample;
			productName = UITableViewDataSourceExample;
			productReference = F0566ABF2282F52800E6CC14 /* UITableViewDataSourceExample.app */;
			productType = "com.apple.product-type.application";
		};
/* End PBXNativeTarget section */

/* Begin PBXProject section */
		F0566AB72282F52800E6CC14 /* Project object */ = {
			isa = PBXProject;
			attributes = {
				LastSwiftUpdateCheck = 1020;
				LastUpgradeCheck = 1020;
				ORGANIZATIONNAME = Sungdoo;
				TargetAttributes = {
					F0566ABE2282F52800E6CC14 = {
						CreatedOnToolsVersion = 10.2;
					};
				};
			};
			buildConfigurationList = F0566ABA2282F52800E6CC14 /* Build configuration list for PBXProject "UITableViewDataSourceExample" */;
			compatibilityVersion = "Xcode 9.3";
			developmentRegion = en;
			hasScannedForEncodings = 0;
			knownRegions = (
				en,
				Base,
			);
			mainGroup = F0566AB62282F52800E6CC14;
			productRefGroup = F0566AC02282F52800E6CC14 /* Products */;
			projectDirPath = "";
			projectRoot = "";
			targets = (
				F0566ABE2282F52800E6CC14 /* UITableViewDataSourceExample */,
			);
		};
/* End PBXProject section */

/* Begin PBXResourcesBuildPhase section */
		F0566ABD2282F52800E6CC14 /* Resources */ = {
			isa = PBXResourcesBuildPhase;
			buildActionMask = 2147483647;
			files = (
				F0566ACD2282F52A00E6CC14 /* LaunchScreen.storyboard in Resources */,
				F0566ACA2282F52A00E6CC14 /* Assets.xcassets in Resources */,
				F0566AC82282F52800E6CC14 /* Main.storyboard in Resources */,
			);
			runOnlyForDeploymentPostprocessing = 0;
		};
/* End PBXResourcesBuildPhase section */

/* Begin PBXSourcesBuildPhase section */
		F0566ABB2282F52800E6CC14 /* Sources */ = {
			isa = PBXSourcesBuildPhase;
			buildActionMask = 2147483647;
			files = (
				F0080CA622844913005D9E2C /* SmileyDataSource.swift in Sources */,
				F0080CA22284464A005D9E2C /* ModelController.swift in Sources */,
				F0080CA4228448ED005D9E2C /* CatDataSource.swift in Sources */,
				F0566AC52282F52800E6CC14 /* ViewController.swift in Sources */,
				F0566AC32282F52800E6CC14 /* AppDelegate.swift in Sources */,
			);
			runOnlyForDeploymentPostprocessing = 0;
		};
/* End PBXSourcesBuildPhase section */

/* Begin PBXVariantGroup section */
		F0566AC62282F52800E6CC14 /* Main.storyboard */ = {
			isa = PBXVariantGroup;
			children = (
				F0566AC72282F52800E6CC14 /* Base */,
			);
			name = Main.storyboard;
			sourceTree = "<group>";
		};
		F0566ACB2282F52A00E6CC14 /* LaunchScreen.storyboard */ = {
			isa = PBXVariantGroup;
			children = (
				F0566ACC2282F52A00E6CC14 /* Base */,
			);
			name = LaunchScreen.storyboard;
			sourceTree = "<group>";
		};
/* End PBXVariantGroup section */

/* Begin XCBuildConfiguration section */
		F0566ACF2282F52A00E6CC14 /* Debug */ = {
			isa = XCBuildConfiguration;
			buildSettings = {
				ALWAYS_SEARCH_USER_PATHS = NO;
				CLANG_ANALYZER_NONNULL = YES;
				CLANG_ANALYZER_NUMBER_OBJECT_CONVERSION = YES_AGGRESSIVE;
				CLANG_CXX_LANGUAGE_STANDARD = "gnu++14";
				CLANG_CXX_LIBRARY = "libc++";
				CLANG_ENABLE_MODULES = YES;
				CLANG_ENABLE_OBJC_ARC = YES;
				CLANG_ENABLE_OBJC_WEAK = YES;
				CLANG_WARN_BLOCK_CAPTURE_AUTORELEASING = YES;
				CLANG_WARN_BOOL_CONVERSION = YES;
				CLANG_WARN_COMMA = YES;
				CLANG_WARN_CONSTANT_CONVERSION = YES;
				CLANG_WARN_DEPRECATED_OBJC_IMPLEMENTATIONS = YES;
				CLANG_WARN_DIRECT_OBJC_ISA_USAGE = YES_ERROR;
				CLANG_WARN_DOCUMENTATION_COMMENTS = YES;
				CLANG_WARN_EMPTY_BODY = YES;
				CLANG_WARN_ENUM_CONVERSION = YES;
				CLANG_WARN_INFINITE_RECURSION = YES;
				CLANG_WARN_INT_CONVERSION = YES;
				CLANG_WARN_NON_LITERAL_NULL_CONVERSION = YES;
				CLANG_WARN_OBJC_IMPLICIT_RETAIN_SELF = YES;
				CLANG_WARN_OBJC_LITERAL_CONVERSION = YES;
				CLANG_WARN_OBJC_ROOT_CLASS = YES_ERROR;
				CLANG_WARN_RANGE_LOOP_ANALYSIS = YES;
				CLANG_WARN_STRICT_PROTOTYPES = YES;
				CLANG_WARN_SUSPICIOUS_MOVE = YES;
				CLANG_WARN_UNGUARDED_AVAILABILITY = YES_AGGRESSIVE;
				CLANG_WARN_UNREACHABLE_CODE = YES;
				CLANG_WARN__DUPLICATE_METHOD_MATCH = YES;
				CODE_SIGN_IDENTITY = "iPhone Developer";
				COPY_PHASE_STRIP = NO;
				DEBUG_INFORMATION_FORMAT = dwarf;
				ENABLE_STRICT_OBJC_MSGSEND = YES;
				ENABLE_TESTABILITY = YES;
				GCC_C_LANGUAGE_STANDARD = gnu11;
				GCC_DYNAMIC_NO_PIC = NO;
				GCC_NO_COMMON_BLOCKS = YES;
				GCC_OPTIMIZATION_LEVEL = 0;
				GCC_PREPROCESSOR_DEFINITIONS = (
					"DEBUG=1",
					"$(inherited)",
				);
				GCC_WARN_64_TO_32_BIT_CONVERSION = YES;
				GCC_WARN_ABOUT_RETURN_TYPE = YES_ERROR;
				GCC_WARN_UNDECLARED_SELECTOR = YES;
				GCC_WARN_UNINITIALIZED_AUTOS = YES_AGGRESSIVE;
				GCC_WARN_UNUSED_FUNCTION = YES;
				GCC_WARN_UNUSED_VARIABLE = YES;
				IPHONEOS_DEPLOYMENT_TARGET = 12.2;
				MTL_ENABLE_DEBUG_INFO = INCLUDE_SOURCE;
				MTL_FAST_MATH = YES;
				ONLY_ACTIVE_ARCH = YES;
				SDKROOT = iphoneos;
				SWIFT_ACTIVE_COMPILATION_CONDITIONS = DEBUG;
				SWIFT_OPTIMIZATION_LEVEL = "-Onone";
			};
			name = Debug;
		};
		F0566AD02282F52A00E6CC14 /* Release */ = {
			isa = XCBuildConfiguration;
			buildSettings = {
				ALWAYS_SEARCH_USER_PATHS = NO;
				CLANG_ANALYZER_NONNULL = YES;
				CLANG_ANALYZER_NUMBER_OBJECT_CONVERSION = YES_AGGRESSIVE;
				CLANG_CXX_LANGUAGE_STANDARD = "gnu++14";
				CLANG_CXX_LIBRARY = "libc++";
				CLANG_ENABLE_MODULES = YES;
				CLANG_ENABLE_OBJC_ARC = YES;
				CLANG_ENABLE_OBJC_WEAK = YES;
				CLANG_WARN_BLOCK_CAPTURE_AUTORELEASING = YES;
				CLANG_WARN_BOOL_CONVERSION = YES;
				CLANG_WARN_COMMA = YES;
				CLANG_WARN_CONSTANT_CONVERSION = YES;
				CLANG_WARN_DEPRECATED_OBJC_IMPLEMENTATIONS = YES;
				CLANG_WARN_DIRECT_OBJC_ISA_USAGE = YES_ERROR;
				CLANG_WARN_DOCUMENTATION_COMMENTS = YES;
				CLANG_WARN_EMPTY_BODY = YES;
				CLANG_WARN_ENUM_CONVERSION = YES;
				CLANG_WARN_INFINITE_RECURSION = YES;
				CLANG_WARN_INT_CONVERSION = YES;
				CLANG_WARN_NON_LITERAL_NULL_CONVERSION = YES;
				CLANG_WARN_OBJC_IMPLICIT_RETAIN_SELF = YES;
				CLANG_WARN_OBJC_LITERAL_CONVERSION = YES;
				CLANG_WARN_OBJC_ROOT_CLASS = YES_ERROR;
				CLANG_WARN_RANGE_LOOP_ANALYSIS = YES;
				CLANG_WARN_STRICT_PROTOTYPES = YES;
				CLANG_WARN_SUSPICIOUS_MOVE = YES;
				CLANG_WARN_UNGUARDED_AVAILABILITY = YES_AGGRESSIVE;
				CLANG_WARN_UNREACHABLE_CODE = YES;
				CLANG_WARN__DUPLICATE_METHOD_MATCH = YES;
				CODE_SIGN_IDENTITY = "iPhone Developer";
				COPY_PHASE_STRIP = NO;
				DEBUG_INFORMATION_FORMAT = "dwarf-with-dsym";
				ENABLE_NS_ASSERTIONS = NO;
				ENABLE_STRICT_OBJC_MSGSEND = YES;
				GCC_C_LANGUAGE_STANDARD = gnu11;
				GCC_NO_COMMON_BLOCKS = YES;
				GCC_WARN_64_TO_32_BIT_CONVERSION = YES;
				GCC_WARN_ABOUT_RETURN_TYPE = YES_ERROR;
				GCC_WARN_UNDECLARED_SELECTOR = YES;
				GCC_WARN_UNINITIALIZED_AUTOS = YES_AGGRESSIVE;
				GCC_WARN_UNUSED_FUNCTION = YES;
				GCC_WARN_UNUSED_VARIABLE = YES;
				IPHONEOS_DEPLOYMENT_TARGET = 12.2;
				MTL_ENABLE_DEBUG_INFO = NO;
				MTL_FAST_MATH = YES;
				SDKROOT = iphoneos;
				SWIFT_COMPILATION_MODE = wholemodule;
				SWIFT_OPTIMIZATION_LEVEL = "-O";
				VALIDATE_PRODUCT = YES;
			};
			name = Release;
		};
		F0566AD22282F52A00E6CC14 /* Debug */ = {
			isa = XCBuildConfiguration;
			buildSettings = {
				ASSETCATALOG_COMPILER_APPICON_NAME = AppIcon;
				CODE_SIGN_STYLE = Automatic;
				DEVELOPMENT_TEAM = 7836J6Z5N8;
				INFOPLIST_FILE = UITableViewDataSourceExample/Info.plist;
				LD_RUNPATH_SEARCH_PATHS = (
					"$(inherited)",
					"@executable_path/Frameworks",
				);
				PRODUCT_BUNDLE_IDENTIFIER = com.sungdoo.UITableViewDataSourceExample;
				PRODUCT_NAME = "$(TARGET_NAME)";
				SWIFT_VERSION = 5.0;
				TARGETED_DEVICE_FAMILY = "1,2";
			};
			name = Debug;
		};
		F0566AD32282F52A00E6CC14 /* Release */ = {
			isa = XCBuildConfiguration;
			buildSettings = {
				ASSETCATALOG_COMPILER_APPICON_NAME = AppIcon;
				CODE_SIGN_STYLE = Automatic;
				DEVELOPMENT_TEAM = 7836J6Z5N8;
				INFOPLIST_FILE = UITableViewDataSourceExample/Info.plist;
				LD_RUNPATH_SEARCH_PATHS = (
					"$(inherited)",
					"@executable_path/Frameworks",
				);
				PRODUCT_BUNDLE_IDENTIFIER = com.sungdoo.UITableViewDataSourceExample;
				PRODUCT_NAME = "$(TARGET_NAME)";
				SWIFT_VERSION = 5.0;
				TARGETED_DEVICE_FAMILY = "1,2";
			};
			name = Release;
		};
/* End XCBuildConfiguration section */

/* Begin XCConfigurationList section */
		F0566ABA2282F52800E6CC14 /* Build configuration list for PBXProject "UITableViewDataSourceExample" */ = {
			isa = XCConfigurationList;
			buildConfigurations = (
				F0566ACF2282F52A00E6CC14 /* Debug */,
				F0566AD02282F52A00E6CC14 /* Release */,
			);
			defaultConfigurationIsVisible = 0;
			defaultConfigurationName = Release;
		};
		F0566AD12282F52A00E6CC14 /* Build configuration list for PBXNativeTarget "UITableViewDataSourceExample" */ = {
			isa = XCConfigurationList;
			buildConfigurations = (
				F0566AD22282F52A00E6CC14 /* Debug */,
				F0566AD32282F52A00E6CC14 /* Release */,
			);
			defaultConfigurationIsVisible = 0;
			defaultConfigurationName = Release;
		};
/* End XCConfigurationList section */
	};
	rootObject = F0566AB72282F52800E6CC14 /* Project object */;
}
